
Microsoft Visual Studio Solution File, Format Version 10.00
# Visual Studio 2008
Project("{E24C65DC-7377-472B-9ABA-BC803B73C61A}") = "DevelopmentWebsite", "WebSites\DevelopmentWebsite\", "{9E434219-B16C-4F56-AB76-9899A2D96C77}"
	ProjectSection(WebsiteProperties) = preProject
		SccProjectName = ""
		SccAuxPath = ""
		SccLocalPath = ""
		SccProvider = ""
		TargetFramework = "3.5"
		ProjectReferences = "{A6398B94-F757-4592-B5ED-2297B66D651D}|TributesPortal.BusinessEntities.dll;{C6AC10CA-B459-4996-A954-03BC981669A9}|TributesPortal.BusinessLogic.dll;{A96C1929-4465-4C6E-8E4A-1B7F87409277}|TributesPortal.Tribute.dll;{7925A672-F749-4675-9276-DF4DD33E334E}|TributesPortal.ResourceAccess.dll;{021D01CB-E0CF-4429-AC76-2CDA2F911D91}|TributesPortal.Utilities.dll;{96508F06-EB18-4B2A-B6B1-E8A34B607134}|TributesPortal.MultipleLangSupport.dll;{DC3D7299-DF7A-48E6-8188-DE3535B41E24}|TributePortalSecurity.dll;{5E23E15A-C521-4B08-829C-E2A8D1FA4947}|Miscellaneous.dll;{8E03A694-279A-407D-B3CD-A77122541162}|Gift.dll;{9B55E34D-12C6-4277-8B75-45FD54A2B227}|MyHome.dll;{73AB3A8E-AD69-4EC8-B327-F604BC2AE1CB}|Photo.dll;{3F4F5C6A-741E-4DFE-9E40-2AE25086C1E7}|TributesPortal.Notes.dll;{8BBCC106-772A-49B1-B877-8E6250861A91}|PortalController.dll;{90E5AD0E-4BE7-43F7-BB0C-0BA171540886}|RewriteModule.dll;{CD09DDE1-7559-4536-A443-C7C337911318}|TributesPortal.Story.dll;{565C60D2-9B3B-4202-AF1D-6D6B6A5878A3}|TributePortalAdmin.dll;{1F26116B-5218-4CD5-B0DE-D90FD50B276A}|Users.dll;{6FA797D9-8B19-4ACF-A174-B63C27D223CF}|Video.dll;{DB41932E-6D89-42C5-A442-359C7FA665D2}|TributesPortal.GuestBook.dll;{91953D7F-A37C-4636-873C-F99CE1EBC398}|Event.dll;"
		Debug.AspNetCompiler.VirtualPath = "/DevelopmentWebsite"
		Debug.AspNetCompiler.PhysicalPath = "WebSites\DevelopmentWebsite\"
		Debug.AspNetCompiler.TargetPath = "PrecompiledWeb\DevelopmentWebsite\"
		Debug.AspNetCompiler.Updateable = "true"
		Debug.AspNetCompiler.ForceOverwrite = "true"
		Debug.AspNetCompiler.FixedNames = "false"
		Debug.AspNetCompiler.Debug = "True"
		Release.AspNetCompiler.VirtualPath = "/DevelopmentWebsite"
		Release.AspNetCompiler.PhysicalPath = "WebSites\DevelopmentWebsite\"
		Release.AspNetCompiler.TargetPath = "PrecompiledWeb\DevelopmentWebsite\"
		Release.AspNetCompiler.Updateable = "true"
		Release.AspNetCompiler.ForceOverwrite = "true"
		Release.AspNetCompiler.FixedNames = "false"
		Release.AspNetCompiler.Debug = "False"
		VWDPort = "4941"
		VWDDynamicPort = "false"
	EndProjectSection
EndProject
Project("{FAE04EC0-301F-11D3-BF4B-00C04F79EFBC}") = "ActionlessForm", "ActionlessForm\ActionlessForm.csproj", "{9675A0B1-4824-4E3B-9373-3BB90C82C179}"
EndProject
Project("{FAE04EC0-301F-11D3-BF4B-00C04F79EFBC}") = "BusinessEntities", "BusinessEntities\BusinessEntities.csproj", "{A6398B94-F757-4592-B5ED-2297B66D651D}"
EndProject
Project("{FAE04EC0-301F-11D3-BF4B-00C04F79EFBC}") = "BusinessLogic", "BusinessLogic\BusinessLogic.csproj", "{C6AC10CA-B459-4996-A954-03BC981669A9}"
EndProject
Project("{FAE04EC0-301F-11D3-BF4B-00C04F79EFBC}") = "ContactImporter", "ContactImporter\ContactImporter.Net_All\ContactImporter.csproj", "{F9742C7A-E32C-42ED-82D7-B74B951A04CF}"
EndProject
Project("{FAE04EC0-301F-11D3-BF4B-00C04F79EFBC}") = "Coupons", "Coupons\Coupons.csproj", "{80FA185C-B2D6-42A7-B0CC-5F7861A58476}"
EndProject
Project("{FAE04EC0-301F-11D3-BF4B-00C04F79EFBC}") = "Event", "Event\Event.csproj", "{91953D7F-A37C-4636-873C-F99CE1EBC398}"
EndProject
Project("{FAE04EC0-301F-11D3-BF4B-00C04F79EFBC}") = "Gift", "Gift\Gift.csproj", "{8E03A694-279A-407D-B3CD-A77122541162}"
EndProject
Project("{FAE04EC0-301F-11D3-BF4B-00C04F79EFBC}") = "GuestBook", "GuestBook\GuestBook.csproj", "{DB41932E-6D89-42C5-A442-359C7FA665D2}"
EndProject
Project("{FAE04EC0-301F-11D3-BF4B-00C04F79EFBC}") = "MessagingSystem", "MessagingSystem\MessagingSystem.csproj", "{E0409A8E-F657-43B2-AC41-FC94AC375D4E}"
EndProject
Project("{FAE04EC0-301F-11D3-BF4B-00C04F79EFBC}") = "Miscellaneous", "Miscellaneous\Miscellaneous.csproj", "{5E23E15A-C521-4B08-829C-E2A8D1FA4947}"
EndProject
Project("{FAE04EC0-301F-11D3-BF4B-00C04F79EFBC}") = "Shell", "Modules\Shell\Shell.csproj", "{1C4CC3B7-1E60-48E1-A68E-D5F3E8BD9F26}"
EndProject
Project("{FAE04EC0-301F-11D3-BF4B-00C04F79EFBC}") = "MultipleLangSupport", "MultipleLangSupport\MultipleLangSupport.csproj", "{96508F06-EB18-4B2A-B6B1-E8A34B607134}"
EndProject
Project("{FAE04EC0-301F-11D3-BF4B-00C04F79EFBC}") = "MyHome", "MyHome\MyHome.csproj", "{9B55E34D-12C6-4277-8B75-45FD54A2B227}"
EndProject
Project("{FAE04EC0-301F-11D3-BF4B-00C04F79EFBC}") = "Notes", "Notes\Notes.csproj", "{3F4F5C6A-741E-4DFE-9E40-2AE25086C1E7}"
EndProject
Project("{FAE04EC0-301F-11D3-BF4B-00C04F79EFBC}") = "Photo", "Photo\Photo.csproj", "{73AB3A8E-AD69-4EC8-B327-F604BC2AE1CB}"
EndProject
Project("{FAE04EC0-301F-11D3-BF4B-00C04F79EFBC}") = "PortalController", "PortalController\PortalController.csproj", "{8BBCC106-772A-49B1-B877-8E6250861A91}"
EndProject
Project("{FAE04EC0-301F-11D3-BF4B-00C04F79EFBC}") = "PortalUtilities", "PortalUtilities\PortalUtilities.csproj", "{021D01CB-E0CF-4429-AC76-2CDA2F911D91}"
EndProject
Project("{FAE04EC0-301F-11D3-BF4B-00C04F79EFBC}") = "ResourceAccess", "ResourceAccess\ResourceAccess.csproj", "{7925A672-F749-4675-9276-DF4DD33E334E}"
EndProject
Project("{FAE04EC0-301F-11D3-BF4B-00C04F79EFBC}") = "RewriteModule", "RewriteModule\RewriteModule.csproj", "{90E5AD0E-4BE7-43F7-BB0C-0BA171540886}"
EndProject
Project("{FAE04EC0-301F-11D3-BF4B-00C04F79EFBC}") = "Story", "Story\Story.csproj", "{CD09DDE1-7559-4536-A443-C7C337911318}"
EndProject
Project("{FAE04EC0-301F-11D3-BF4B-00C04F79EFBC}") = "Tribute", "Tribute\Tribute.csproj", "{A96C1929-4465-4C6E-8E4A-1B7F87409277}"
EndProject
Project("{FAE04EC0-301F-11D3-BF4B-00C04F79EFBC}") = "TributePortalAdmin", "TributePortalAdmin\TributePortalAdmin.csproj", "{565C60D2-9B3B-4202-AF1D-6D6B6A5878A3}"
EndProject
Project("{FAE04EC0-301F-11D3-BF4B-00C04F79EFBC}") = "TributePortalSecurity", "TributePortalSecurity\TributePortalSecurity.csproj", "{DC3D7299-DF7A-48E6-8188-DE3535B41E24}"
EndProject
Project("{FAE04EC0-301F-11D3-BF4B-00C04F79EFBC}") = "Users", "Users\Users.csproj", "{1F26116B-5218-4CD5-B0DE-D90FD50B276A}"
EndProject
Project("{FAE04EC0-301F-11D3-BF4B-00C04F79EFBC}") = "Video", "Video\Video.csproj", "{6FA797D9-8B19-4ACF-A174-B63C27D223CF}"
EndProject
Project("{FAE04EC0-301F-11D3-BF4B-00C04F79EFBC}") = "YourTributeTestProject", "YourTributeTestProject\YourTributeTestProject.csproj", "{CC904AD5-740D-4723-A30B-6F56F02E9E96}"
EndProject
Global
	GlobalSection(SolutionConfigurationPlatforms) = preSolution
		Debug|.NET = Debug|.NET
		Debug|Any CPU = Debug|Any CPU
		Debug|Mixed Platforms = Debug|Mixed Platforms
		Debug|x86 = Debug|x86
		Development|.NET = Development|.NET
		Development|Any CPU = Development|Any CPU
		Development|Mixed Platforms = Development|Mixed Platforms
		Development|x86 = Development|x86
		Release|.NET = Release|.NET
		Release|Any CPU = Release|Any CPU
		Release|Mixed Platforms = Release|Mixed Platforms
		Release|x86 = Release|x86
	EndGlobalSection
	GlobalSection(ProjectConfigurationPlatforms) = postSolution
		{9E434219-B16C-4F56-AB76-9899A2D96C77}.Debug|.NET.ActiveCfg = Debug|.NET
		{9E434219-B16C-4F56-AB76-9899A2D96C77}.Debug|.NET.Build.0 = Debug|.NET
		{9E434219-B16C-4F56-AB76-9899A2D96C77}.Debug|Any CPU.ActiveCfg = Debug|.NET
		{9E434219-B16C-4F56-AB76-9899A2D96C77}.Debug|Mixed Platforms.ActiveCfg = Debug|.NET
		{9E434219-B16C-4F56-AB76-9899A2D96C77}.Debug|Mixed Platforms.Build.0 = Debug|.NET
		{9E434219-B16C-4F56-AB76-9899A2D96C77}.Debug|x86.ActiveCfg = Debug|.NET
		{9E434219-B16C-4F56-AB76-9899A2D96C77}.Development|.NET.ActiveCfg = Debug|.NET
		{9E434219-B16C-4F56-AB76-9899A2D96C77}.Development|.NET.Build.0 = Debug|.NET
		{9E434219-B16C-4F56-AB76-9899A2D96C77}.Development|Any CPU.ActiveCfg = Debug|.NET
		{9E434219-B16C-4F56-AB76-9899A2D96C77}.Development|Mixed Platforms.ActiveCfg = Debug|.NET
		{9E434219-B16C-4F56-AB76-9899A2D96C77}.Development|Mixed Platforms.Build.0 = Debug|.NET
		{9E434219-B16C-4F56-AB76-9899A2D96C77}.Development|x86.ActiveCfg = Debug|.NET
		{9E434219-B16C-4F56-AB76-9899A2D96C77}.Release|.NET.ActiveCfg = Debug|.NET
		{9E434219-B16C-4F56-AB76-9899A2D96C77}.Release|.NET.Build.0 = Debug|.NET
		{9E434219-B16C-4F56-AB76-9899A2D96C77}.Release|Any CPU.ActiveCfg = Debug|.NET
		{9E434219-B16C-4F56-AB76-9899A2D96C77}.Release|Mixed Platforms.ActiveCfg = Debug|.NET
		{9E434219-B16C-4F56-AB76-9899A2D96C77}.Release|Mixed Platforms.Build.0 = Debug|.NET
		{9E434219-B16C-4F56-AB76-9899A2D96C77}.Release|x86.ActiveCfg = Debug|.NET
		{9675A0B1-4824-4E3B-9373-3BB90C82C179}.Debug|.NET.ActiveCfg = Debug|Any CPU
		{9675A0B1-4824-4E3B-9373-3BB90C82C179}.Debug|Any CPU.ActiveCfg = Debug|Any CPU
		{9675A0B1-4824-4E3B-9373-3BB90C82C179}.Debug|Any CPU.Build.0 = Debug|Any CPU
		{9675A0B1-4824-4E3B-9373-3BB90C82C179}.Debug|Mixed Platforms.ActiveCfg = Debug|Any CPU
		{9675A0B1-4824-4E3B-9373-3BB90C82C179}.Debug|Mixed Platforms.Build.0 = Debug|Any CPU
		{9675A0B1-4824-4E3B-9373-3BB90C82C179}.Debug|x86.ActiveCfg = Debug|Any CPU
		{9675A0B1-4824-4E3B-9373-3BB90C82C179}.Development|.NET.ActiveCfg = Debug|Any CPU
		{9675A0B1-4824-4E3B-9373-3BB90C82C179}.Development|Any CPU.ActiveCfg = Debug|Any CPU
		{9675A0B1-4824-4E3B-9373-3BB90C82C179}.Development|Any CPU.Build.0 = Debug|Any CPU
		{9675A0B1-4824-4E3B-9373-3BB90C82C179}.Development|Mixed Platforms.ActiveCfg = Debug|Any CPU
		{9675A0B1-4824-4E3B-9373-3BB90C82C179}.Development|Mixed Platforms.Build.0 = Debug|Any CPU
		{9675A0B1-4824-4E3B-9373-3BB90C82C179}.Development|x86.ActiveCfg = Debug|Any CPU
		{9675A0B1-4824-4E3B-9373-3BB90C82C179}.Release|.NET.ActiveCfg = Release|Any CPU
		{9675A0B1-4824-4E3B-9373-3BB90C82C179}.Release|Any CPU.ActiveCfg = Release|Any CPU
		{9675A0B1-4824-4E3B-9373-3BB90C82C179}.Release|Any CPU.Build.0 = Release|Any CPU
		{9675A0B1-4824-4E3B-9373-3BB90C82C179}.Release|Mixed Platforms.ActiveCfg = Release|Any CPU
		{9675A0B1-4824-4E3B-9373-3BB90C82C179}.Release|Mixed Platforms.Build.0 = Release|Any CPU
		{9675A0B1-4824-4E3B-9373-3BB90C82C179}.Release|x86.ActiveCfg = Release|Any CPU
		{A6398B94-F757-4592-B5ED-2297B66D651D}.Debug|.NET.ActiveCfg = Debug|x86
		{A6398B94-F757-4592-B5ED-2297B66D651D}.Debug|Any CPU.ActiveCfg = Debug|Any CPU
		{A6398B94-F757-4592-B5ED-2297B66D651D}.Debug|Any CPU.Build.0 = Debug|Any CPU
		{A6398B94-F757-4592-B5ED-2297B66D651D}.Debug|Mixed Platforms.ActiveCfg = Debug|x86
		{A6398B94-F757-4592-B5ED-2297B66D651D}.Debug|Mixed Platforms.Build.0 = Debug|x86
		{A6398B94-F757-4592-B5ED-2297B66D651D}.Debug|x86.ActiveCfg = Debug|x86
		{A6398B94-F757-4592-B5ED-2297B66D651D}.Debug|x86.Build.0 = Debug|x86
		{A6398B94-F757-4592-B5ED-2297B66D651D}.Development|.NET.ActiveCfg = Debug|x86
		{A6398B94-F757-4592-B5ED-2297B66D651D}.Development|Any CPU.ActiveCfg = Debug|x86
		{A6398B94-F757-4592-B5ED-2297B66D651D}.Development|Mixed Platforms.ActiveCfg = Debug|x86
		{A6398B94-F757-4592-B5ED-2297B66D651D}.Development|Mixed Platforms.Build.0 = Debug|x86
		{A6398B94-F757-4592-B5ED-2297B66D651D}.Development|x86.ActiveCfg = Debug|x86
		{A6398B94-F757-4592-B5ED-2297B66D651D}.Development|x86.Build.0 = Debug|x86
		{A6398B94-F757-4592-B5ED-2297B66D651D}.Release|.NET.ActiveCfg = Release|x86
		{A6398B94-F757-4592-B5ED-2297B66D651D}.Release|Any CPU.ActiveCfg = Release|Any CPU
		{A6398B94-F757-4592-B5ED-2297B66D651D}.Release|Any CPU.Build.0 = Release|Any CPU
		{A6398B94-F757-4592-B5ED-2297B66D651D}.Release|Mixed Platforms.ActiveCfg = Release|x86
		{A6398B94-F757-4592-B5ED-2297B66D651D}.Release|Mixed Platforms.Build.0 = Release|x86
		{A6398B94-F757-4592-B5ED-2297B66D651D}.Release|x86.ActiveCfg = Release|x86
		{A6398B94-F757-4592-B5ED-2297B66D651D}.Release|x86.Build.0 = Release|x86
		{C6AC10CA-B459-4996-A954-03BC981669A9}.Debug|.NET.ActiveCfg = Debug|x86
		{C6AC10CA-B459-4996-A954-03BC981669A9}.Debug|Any CPU.ActiveCfg = Debug|Any CPU
		{C6AC10CA-B459-4996-A954-03BC981669A9}.Debug|Any CPU.Build.0 = Debug|Any CPU
		{C6AC10CA-B459-4996-A954-03BC981669A9}.Debug|Mixed Platforms.ActiveCfg = Debug|x86
		{C6AC10CA-B459-4996-A954-03BC981669A9}.Debug|Mixed Platforms.Build.0 = Debug|x86
		{C6AC10CA-B459-4996-A954-03BC981669A9}.Debug|x86.ActiveCfg = Debug|x86
		{C6AC10CA-B459-4996-A954-03BC981669A9}.Debug|x86.Build.0 = Debug|x86
		{C6AC10CA-B459-4996-A954-03BC981669A9}.Development|.NET.ActiveCfg = Debug|x86
		{C6AC10CA-B459-4996-A954-03BC981669A9}.Development|Any CPU.ActiveCfg = Debug|x86
		{C6AC10CA-B459-4996-A954-03BC981669A9}.Development|Mixed Platforms.ActiveCfg = Debug|x86
		{C6AC10CA-B459-4996-A954-03BC981669A9}.Development|Mixed Platforms.Build.0 = Debug|x86
		{C6AC10CA-B459-4996-A954-03BC981669A9}.Development|x86.ActiveCfg = Debug|x86
		{C6AC10CA-B459-4996-A954-03BC981669A9}.Development|x86.Build.0 = Debug|x86
		{C6AC10CA-B459-4996-A954-03BC981669A9}.Release|.NET.ActiveCfg = Release|x86
		{C6AC10CA-B459-4996-A954-03BC981669A9}.Release|Any CPU.ActiveCfg = Release|Any CPU
		{C6AC10CA-B459-4996-A954-03BC981669A9}.Release|Any CPU.Build.0 = Release|Any CPU
		{C6AC10CA-B459-4996-A954-03BC981669A9}.Release|Mixed Platforms.ActiveCfg = Release|x86
		{C6AC10CA-B459-4996-A954-03BC981669A9}.Release|Mixed Platforms.Build.0 = Release|x86
		{C6AC10CA-B459-4996-A954-03BC981669A9}.Release|x86.ActiveCfg = Release|x86
		{C6AC10CA-B459-4996-A954-03BC981669A9}.Release|x86.Build.0 = Release|x86
		{F9742C7A-E32C-42ED-82D7-B74B951A04CF}.Debug|.NET.ActiveCfg = Debug|Any CPU
		{F9742C7A-E32C-42ED-82D7-B74B951A04CF}.Debug|Any CPU.ActiveCfg = Debug|Any CPU
		{F9742C7A-E32C-42ED-82D7-B74B951A04CF}.Debug|Any CPU.Build.0 = Debug|Any CPU
		{F9742C7A-E32C-42ED-82D7-B74B951A04CF}.Debug|Mixed Platforms.ActiveCfg = Debug|Any CPU
		{F9742C7A-E32C-42ED-82D7-B74B951A04CF}.Debug|Mixed Platforms.Build.0 = Debug|Any CPU
		{F9742C7A-E32C-42ED-82D7-B74B951A04CF}.Debug|x86.ActiveCfg = Debug|Any CPU
		{F9742C7A-E32C-42ED-82D7-B74B951A04CF}.Development|.NET.ActiveCfg = Debug|Any CPU
		{F9742C7A-E32C-42ED-82D7-B74B951A04CF}.Development|Any CPU.ActiveCfg = Debug|Any CPU
		{F9742C7A-E32C-42ED-82D7-B74B951A04CF}.Development|Any CPU.Build.0 = Debug|Any CPU
		{F9742C7A-E32C-42ED-82D7-B74B951A04CF}.Development|Mixed Platforms.ActiveCfg = Debug|Any CPU
		{F9742C7A-E32C-42ED-82D7-B74B951A04CF}.Development|Mixed Platforms.Build.0 = Debug|Any CPU
		{F9742C7A-E32C-42ED-82D7-B74B951A04CF}.Development|x86.ActiveCfg = Debug|Any CPU
		{F9742C7A-E32C-42ED-82D7-B74B951A04CF}.Release|.NET.ActiveCfg = Release|Any CPU
		{F9742C7A-E32C-42ED-82D7-B74B951A04CF}.Release|Any CPU.ActiveCfg = Release|Any CPU
		{F9742C7A-E32C-42ED-82D7-B74B951A04CF}.Release|Any CPU.Build.0 = Release|Any CPU
		{F9742C7A-E32C-42ED-82D7-B74B951A04CF}.Release|Mixed Platforms.ActiveCfg = Release|Any CPU
		{F9742C7A-E32C-42ED-82D7-B74B951A04CF}.Release|Mixed Platforms.Build.0 = Release|Any CPU
		{F9742C7A-E32C-42ED-82D7-B74B951A04CF}.Release|x86.ActiveCfg = Release|Any CPU
		{80FA185C-B2D6-42A7-B0CC-5F7861A58476}.Debug|.NET.ActiveCfg = Debug|Any CPU
		{80FA185C-B2D6-42A7-B0CC-5F7861A58476}.Debug|Any CPU.ActiveCfg = Debug|Any CPU
		{80FA185C-B2D6-42A7-B0CC-5F7861A58476}.Debug|Any CPU.Build.0 = Debug|Any CPU
		{80FA185C-B2D6-42A7-B0CC-5F7861A58476}.Debug|Mixed Platforms.ActiveCfg = Debug|Any CPU
		{80FA185C-B2D6-42A7-B0CC-5F7861A58476}.Debug|Mixed Platforms.Build.0 = Debug|Any CPU
		{80FA185C-B2D6-42A7-B0CC-5F7861A58476}.Debug|x86.ActiveCfg = Debug|Any CPU
		{80FA185C-B2D6-42A7-B0CC-5F7861A58476}.Development|.NET.ActiveCfg = Debug|Any CPU
		{80FA185C-B2D6-42A7-B0CC-5F7861A58476}.Development|Any CPU.ActiveCfg = Debug|Any CPU
		{80FA185C-B2D6-42A7-B0CC-5F7861A58476}.Development|Any CPU.Build.0 = Debug|Any CPU
		{80FA185C-B2D6-42A7-B0CC-5F7861A58476}.Development|Mixed Platforms.ActiveCfg = Debug|Any CPU
		{80FA185C-B2D6-42A7-B0CC-5F7861A58476}.Development|Mixed Platforms.Build.0 = Debug|Any CPU
		{80FA185C-B2D6-42A7-B0CC-5F7861A58476}.Development|x86.ActiveCfg = Debug|Any CPU
		{80FA185C-B2D6-42A7-B0CC-5F7861A58476}.Release|.NET.ActiveCfg = Release|Any CPU
		{80FA185C-B2D6-42A7-B0CC-5F7861A58476}.Release|Any CPU.ActiveCfg = Release|Any CPU
		{80FA185C-B2D6-42A7-B0CC-5F7861A58476}.Release|Any CPU.Build.0 = Release|Any CPU
		{80FA185C-B2D6-42A7-B0CC-5F7861A58476}.Release|Mixed Platforms.ActiveCfg = Release|Any CPU
		{80FA185C-B2D6-42A7-B0CC-5F7861A58476}.Release|Mixed Platforms.Build.0 = Release|Any CPU
		{80FA185C-B2D6-42A7-B0CC-5F7861A58476}.Release|x86.ActiveCfg = Release|Any CPU
		{91953D7F-A37C-4636-873C-F99CE1EBC398}.Debug|.NET.ActiveCfg = Debug|Any CPU
		{91953D7F-A37C-4636-873C-F99CE1EBC398}.Debug|Any CPU.ActiveCfg = Debug|Any CPU
		{91953D7F-A37C-4636-873C-F99CE1EBC398}.Debug|Any CPU.Build.0 = Debug|Any CPU
		{91953D7F-A37C-4636-873C-F99CE1EBC398}.Debug|Mixed Platforms.ActiveCfg = Debug|Any CPU
		{91953D7F-A37C-4636-873C-F99CE1EBC398}.Debug|Mixed Platforms.Build.0 = Debug|Any CPU
		{91953D7F-A37C-4636-873C-F99CE1EBC398}.Debug|x86.ActiveCfg = Debug|Any CPU
		{91953D7F-A37C-4636-873C-F99CE1EBC398}.Development|.NET.ActiveCfg = Debug|Any CPU
		{91953D7F-A37C-4636-873C-F99CE1EBC398}.Development|Any CPU.ActiveCfg = Debug|Any CPU
		{91953D7F-A37C-4636-873C-F99CE1EBC398}.Development|Any CPU.Build.0 = Debug|Any CPU
		{91953D7F-A37C-4636-873C-F99CE1EBC398}.Development|Mixed Platforms.ActiveCfg = Debug|Any CPU
		{91953D7F-A37C-4636-873C-F99CE1EBC398}.Development|Mixed Platforms.Build.0 = Debug|Any CPU
		{91953D7F-A37C-4636-873C-F99CE1EBC398}.Development|x86.ActiveCfg = Debug|Any CPU
		{91953D7F-A37C-4636-873C-F99CE1EBC398}.Release|.NET.ActiveCfg = Release|Any CPU
		{91953D7F-A37C-4636-873C-F99CE1EBC398}.Release|Any CPU.ActiveCfg = Release|Any CPU
		{91953D7F-A37C-4636-873C-F99CE1EBC398}.Release|Any CPU.Build.0 = Release|Any CPU
		{91953D7F-A37C-4636-873C-F99CE1EBC398}.Release|Mixed Platforms.ActiveCfg = Release|Any CPU
		{91953D7F-A37C-4636-873C-F99CE1EBC398}.Release|Mixed Platforms.Build.0 = Release|Any CPU
		{91953D7F-A37C-4636-873C-F99CE1EBC398}.Release|x86.ActiveCfg = Release|Any CPU
		{8E03A694-279A-407D-B3CD-A77122541162}.Debug|.NET.ActiveCfg = Debug|Any CPU
		{8E03A694-279A-407D-B3CD-A77122541162}.Debug|Any CPU.ActiveCfg = Debug|Any CPU
		{8E03A694-279A-407D-B3CD-A77122541162}.Debug|Any CPU.Build.0 = Debug|Any CPU
		{8E03A694-279A-407D-B3CD-A77122541162}.Debug|Mixed Platforms.ActiveCfg = Debug|Any CPU
		{8E03A694-279A-407D-B3CD-A77122541162}.Debug|Mixed Platforms.Build.0 = Debug|Any CPU
		{8E03A694-279A-407D-B3CD-A77122541162}.Debug|x86.ActiveCfg = Debug|Any CPU
		{8E03A694-279A-407D-B3CD-A77122541162}.Development|.NET.ActiveCfg = Debug|Any CPU
		{8E03A694-279A-407D-B3CD-A77122541162}.Development|Any CPU.ActiveCfg = Debug|Any CPU
		{8E03A694-279A-407D-B3CD-A77122541162}.Development|Any CPU.Build.0 = Debug|Any CPU
		{8E03A694-279A-407D-B3CD-A77122541162}.Development|Mixed Platforms.ActiveCfg = Debug|Any CPU
		{8E03A694-279A-407D-B3CD-A77122541162}.Development|Mixed Platforms.Build.0 = Debug|Any CPU
		{8E03A694-279A-407D-B3CD-A77122541162}.Development|x86.ActiveCfg = Debug|Any CPU
		{8E03A694-279A-407D-B3CD-A77122541162}.Release|.NET.ActiveCfg = Release|Any CPU
		{8E03A694-279A-407D-B3CD-A77122541162}.Release|Any CPU.ActiveCfg = Release|Any CPU
		{8E03A694-279A-407D-B3CD-A77122541162}.Release|Any CPU.Build.0 = Release|Any CPU
		{8E03A694-279A-407D-B3CD-A77122541162}.Release|Mixed Platforms.ActiveCfg = Release|Any CPU
		{8E03A694-279A-407D-B3CD-A77122541162}.Release|Mixed Platforms.Build.0 = Release|Any CPU
		{8E03A694-279A-407D-B3CD-A77122541162}.Release|x86.ActiveCfg = Release|Any CPU
		{DB41932E-6D89-42C5-A442-359C7FA665D2}.Debug|.NET.ActiveCfg = Debug|Any CPU
		{DB41932E-6D89-42C5-A442-359C7FA665D2}.Debug|Any CPU.ActiveCfg = Debug|Any CPU
		{DB41932E-6D89-42C5-A442-359C7FA665D2}.Debug|Any CPU.Build.0 = Debug|Any CPU
		{DB41932E-6D89-42C5-A442-359C7FA665D2}.Debug|Mixed Platforms.ActiveCfg = Debug|Any CPU
		{DB41932E-6D89-42C5-A442-359C7FA665D2}.Debug|Mixed Platforms.Build.0 = Debug|Any CPU
		{DB41932E-6D89-42C5-A442-359C7FA665D2}.Debug|x86.ActiveCfg = Debug|Any CPU
		{DB41932E-6D89-42C5-A442-359C7FA665D2}.Development|.NET.ActiveCfg = Debug|Any CPU
		{DB41932E-6D89-42C5-A442-359C7FA665D2}.Development|Any CPU.ActiveCfg = Debug|Any CPU
		{DB41932E-6D89-42C5-A442-359C7FA665D2}.Development|Any CPU.Build.0 = Debug|Any CPU
		{DB41932E-6D89-42C5-A442-359C7FA665D2}.Development|Mixed Platforms.ActiveCfg = Debug|Any CPU
		{DB41932E-6D89-42C5-A442-359C7FA665D2}.Development|Mixed Platforms.Build.0 = Debug|Any CPU
		{DB41932E-6D89-42C5-A442-359C7FA665D2}.Development|x86.ActiveCfg = Debug|Any CPU
		{DB41932E-6D89-42C5-A442-359C7FA665D2}.Release|.NET.ActiveCfg = Release|Any CPU
		{DB41932E-6D89-42C5-A442-359C7FA665D2}.Release|Any CPU.ActiveCfg = Release|Any CPU
		{DB41932E-6D89-42C5-A442-359C7FA665D2}.Release|Any CPU.Build.0 = Release|Any CPU
		{DB41932E-6D89-42C5-A442-359C7FA665D2}.Release|Mixed Platforms.ActiveCfg = Release|Any CPU
		{DB41932E-6D89-42C5-A442-359C7FA665D2}.Release|Mixed Platforms.Build.0 = Release|Any CPU
		{DB41932E-6D89-42C5-A442-359C7FA665D2}.Release|x86.ActiveCfg = Release|Any CPU
		{E0409A8E-F657-43B2-AC41-FC94AC375D4E}.Debug|.NET.ActiveCfg = Debug|Any CPU
		{E0409A8E-F657-43B2-AC41-FC94AC375D4E}.Debug|Any CPU.ActiveCfg = Debug|Any CPU
		{E0409A8E-F657-43B2-AC41-FC94AC375D4E}.Debug|Any CPU.Build.0 = Debug|Any CPU
		{E0409A8E-F657-43B2-AC41-FC94AC375D4E}.Debug|Mixed Platforms.ActiveCfg = Debug|Any CPU
		{E0409A8E-F657-43B2-AC41-FC94AC375D4E}.Debug|Mixed Platforms.Build.0 = Debug|Any CPU
		{E0409A8E-F657-43B2-AC41-FC94AC375D4E}.Debug|x86.ActiveCfg = Debug|Any CPU
		{E0409A8E-F657-43B2-AC41-FC94AC375D4E}.Development|.NET.ActiveCfg = Debug|Any CPU
		{E0409A8E-F657-43B2-AC41-FC94AC375D4E}.Development|Any CPU.ActiveCfg = Debug|Any CPU
		{E0409A8E-F657-43B2-AC41-FC94AC375D4E}.Development|Any CPU.Build.0 = Debug|Any CPU
		{E0409A8E-F657-43B2-AC41-FC94AC375D4E}.Development|Mixed Platforms.ActiveCfg = Debug|Any CPU
		{E0409A8E-F657-43B2-AC41-FC94AC375D4E}.Development|Mixed Platforms.Build.0 = Debug|Any CPU
		{E0409A8E-F657-43B2-AC41-FC94AC375D4E}.Development|x86.ActiveCfg = Debug|Any CPU
		{E0409A8E-F657-43B2-AC41-FC94AC375D4E}.Release|.NET.ActiveCfg = Release|Any CPU
		{E0409A8E-F657-43B2-AC41-FC94AC375D4E}.Release|Any CPU.ActiveCfg = Release|Any CPU
		{E0409A8E-F657-43B2-AC41-FC94AC375D4E}.Release|Any CPU.Build.0 = Release|Any CPU
		{E0409A8E-F657-43B2-AC41-FC94AC375D4E}.Release|Mixed Platforms.ActiveCfg = Release|Any CPU
		{E0409A8E-F657-43B2-AC41-FC94AC375D4E}.Release|Mixed Platforms.Build.0 = Release|Any CPU
		{E0409A8E-F657-43B2-AC41-FC94AC375D4E}.Release|x86.ActiveCfg = Release|Any CPU
		{5E23E15A-C521-4B08-829C-E2A8D1FA4947}.Debug|.NET.ActiveCfg = Debug|Any CPU
		{5E23E15A-C521-4B08-829C-E2A8D1FA4947}.Debug|Any CPU.ActiveCfg = Debug|Any CPU
		{5E23E15A-C521-4B08-829C-E2A8D1FA4947}.Debug|Any CPU.Build.0 = Debug|Any CPU
		{5E23E15A-C521-4B08-829C-E2A8D1FA4947}.Debug|Mixed Platforms.ActiveCfg = Debug|Any CPU
		{5E23E15A-C521-4B08-829C-E2A8D1FA4947}.Debug|Mixed Platforms.Build.0 = Debug|Any CPU
		{5E23E15A-C521-4B08-829C-E2A8D1FA4947}.Debug|x86.ActiveCfg = Debug|Any CPU
		{5E23E15A-C521-4B08-829C-E2A8D1FA4947}.Development|.NET.ActiveCfg = Debug|Any CPU
		{5E23E15A-C521-4B08-829C-E2A8D1FA4947}.Development|Any CPU.ActiveCfg = Debug|Any CPU
		{5E23E15A-C521-4B08-829C-E2A8D1FA4947}.Development|Any CPU.Build.0 = Debug|Any CPU
		{5E23E15A-C521-4B08-829C-E2A8D1FA4947}.Development|Mixed Platforms.ActiveCfg = Debug|Any CPU
		{5E23E15A-C521-4B08-829C-E2A8D1FA4947}.Development|Mixed Platforms.Build.0 = Debug|Any CPU
		{5E23E15A-C521-4B08-829C-E2A8D1FA4947}.Development|x86.ActiveCfg = Debug|Any CPU
		{5E23E15A-C521-4B08-829C-E2A8D1FA4947}.Release|.NET.ActiveCfg = Release|Any CPU
		{5E23E15A-C521-4B08-829C-E2A8D1FA4947}.Release|Any CPU.ActiveCfg = Release|Any CPU
		{5E23E15A-C521-4B08-829C-E2A8D1FA4947}.Release|Any CPU.Build.0 = Release|Any CPU
		{5E23E15A-C521-4B08-829C-E2A8D1FA4947}.Release|Mixed Platforms.ActiveCfg = Release|Any CPU
		{5E23E15A-C521-4B08-829C-E2A8D1FA4947}.Release|Mixed Platforms.Build.0 = Release|Any CPU
		{5E23E15A-C521-4B08-829C-E2A8D1FA4947}.Release|x86.ActiveCfg = Release|Any CPU
		{1C4CC3B7-1E60-48E1-A68E-D5F3E8BD9F26}.Debug|.NET.ActiveCfg = Debug|Any CPU
		{1C4CC3B7-1E60-48E1-A68E-D5F3E8BD9F26}.Debug|Any CPU.ActiveCfg = Debug|Any CPU
		{1C4CC3B7-1E60-48E1-A68E-D5F3E8BD9F26}.Debug|Any CPU.Build.0 = Debug|Any CPU
		{1C4CC3B7-1E60-48E1-A68E-D5F3E8BD9F26}.Debug|Mixed Platforms.ActiveCfg = Debug|Any CPU
		{1C4CC3B7-1E60-48E1-A68E-D5F3E8BD9F26}.Debug|Mixed Platforms.Build.0 = Debug|Any CPU
		{1C4CC3B7-1E60-48E1-A68E-D5F3E8BD9F26}.Debug|x86.ActiveCfg = Debug|Any CPU
		{1C4CC3B7-1E60-48E1-A68E-D5F3E8BD9F26}.Development|.NET.ActiveCfg = Debug|Any CPU
		{1C4CC3B7-1E60-48E1-A68E-D5F3E8BD9F26}.Development|Any CPU.ActiveCfg = Debug|Any CPU
		{1C4CC3B7-1E60-48E1-A68E-D5F3E8BD9F26}.Development|Any CPU.Build.0 = Debug|Any CPU
		{1C4CC3B7-1E60-48E1-A68E-D5F3E8BD9F26}.Development|Mixed Platforms.ActiveCfg = Debug|Any CPU
		{1C4CC3B7-1E60-48E1-A68E-D5F3E8BD9F26}.Development|Mixed Platforms.Build.0 = Debug|Any CPU
		{1C4CC3B7-1E60-48E1-A68E-D5F3E8BD9F26}.Development|x86.ActiveCfg = Debug|Any CPU
		{1C4CC3B7-1E60-48E1-A68E-D5F3E8BD9F26}.Release|.NET.ActiveCfg = Release|Any CPU
		{1C4CC3B7-1E60-48E1-A68E-D5F3E8BD9F26}.Release|Any CPU.ActiveCfg = Release|Any CPU
		{1C4CC3B7-1E60-48E1-A68E-D5F3E8BD9F26}.Release|Any CPU.Build.0 = Release|Any CPU
		{1C4CC3B7-1E60-48E1-A68E-D5F3E8BD9F26}.Release|Mixed Platforms.ActiveCfg = Release|Any CPU
		{1C4CC3B7-1E60-48E1-A68E-D5F3E8BD9F26}.Release|Mixed Platforms.Build.0 = Release|Any CPU
		{1C4CC3B7-1E60-48E1-A68E-D5F3E8BD9F26}.Release|x86.ActiveCfg = Release|Any CPU
		{96508F06-EB18-4B2A-B6B1-E8A34B607134}.Debug|.NET.ActiveCfg = Debug|Any CPU
		{96508F06-EB18-4B2A-B6B1-E8A34B607134}.Debug|Any CPU.ActiveCfg = Debug|Any CPU
		{96508F06-EB18-4B2A-B6B1-E8A34B607134}.Debug|Any CPU.Build.0 = Debug|Any CPU
		{96508F06-EB18-4B2A-B6B1-E8A34B607134}.Debug|Mixed Platforms.ActiveCfg = Debug|Any CPU
		{96508F06-EB18-4B2A-B6B1-E8A34B607134}.Debug|Mixed Platforms.Build.0 = Debug|Any CPU
		{96508F06-EB18-4B2A-B6B1-E8A34B607134}.Debug|x86.ActiveCfg = Debug|Any CPU
		{96508F06-EB18-4B2A-B6B1-E8A34B607134}.Development|.NET.ActiveCfg = Debug|Any CPU
		{96508F06-EB18-4B2A-B6B1-E8A34B607134}.Development|Any CPU.ActiveCfg = Debug|Any CPU
		{96508F06-EB18-4B2A-B6B1-E8A34B607134}.Development|Any CPU.Build.0 = Debug|Any CPU
		{96508F06-EB18-4B2A-B6B1-E8A34B607134}.Development|Mixed Platforms.ActiveCfg = Debug|Any CPU
		{96508F06-EB18-4B2A-B6B1-E8A34B607134}.Development|Mixed Platforms.Build.0 = Debug|Any CPU
		{96508F06-EB18-4B2A-B6B1-E8A34B607134}.Development|x86.ActiveCfg = Debug|Any CPU
		{96508F06-EB18-4B2A-B6B1-E8A34B607134}.Release|.NET.ActiveCfg = Release|Any CPU
		{96508F06-EB18-4B2A-B6B1-E8A34B607134}.Release|Any CPU.ActiveCfg = Release|Any CPU
		{96508F06-EB18-4B2A-B6B1-E8A34B607134}.Release|Any CPU.Build.0 = Release|Any CPU
		{96508F06-EB18-4B2A-B6B1-E8A34B607134}.Release|Mixed Platforms.ActiveCfg = Release|Any CPU
		{96508F06-EB18-4B2A-B6B1-E8A34B607134}.Release|Mixed Platforms.Build.0 = Release|Any CPU
		{96508F06-EB18-4B2A-B6B1-E8A34B607134}.Release|x86.ActiveCfg = Release|Any CPU
		{9B55E34D-12C6-4277-8B75-45FD54A2B227}.Debug|.NET.ActiveCfg = Debug|Any CPU
		{9B55E34D-12C6-4277-8B75-45FD54A2B227}.Debug|Any CPU.ActiveCfg = Debug|Any CPU
		{9B55E34D-12C6-4277-8B75-45FD54A2B227}.Debug|Any CPU.Build.0 = Debug|Any CPU
		{9B55E34D-12C6-4277-8B75-45FD54A2B227}.Debug|Mixed Platforms.ActiveCfg = Debug|Any CPU
		{9B55E34D-12C6-4277-8B75-45FD54A2B227}.Debug|Mixed Platforms.Build.0 = Debug|Any CPU
		{9B55E34D-12C6-4277-8B75-45FD54A2B227}.Debug|x86.ActiveCfg = Debug|Any CPU
		{9B55E34D-12C6-4277-8B75-45FD54A2B227}.Development|.NET.ActiveCfg = Debug|Any CPU
		{9B55E34D-12C6-4277-8B75-45FD54A2B227}.Development|Any CPU.ActiveCfg = Debug|Any CPU
		{9B55E34D-12C6-4277-8B75-45FD54A2B227}.Development|Any CPU.Build.0 = Debug|Any CPU
		{9B55E34D-12C6-4277-8B75-45FD54A2B227}.Development|Mixed Platforms.ActiveCfg = Debug|Any CPU
		{9B55E34D-12C6-4277-8B75-45FD54A2B227}.Development|Mixed Platforms.Build.0 = Debug|Any CPU
		{9B55E34D-12C6-4277-8B75-45FD54A2B227}.Development|x86.ActiveCfg = Debug|Any CPU
		{9B55E34D-12C6-4277-8B75-45FD54A2B227}.Release|.NET.ActiveCfg = Release|Any CPU
		{9B55E34D-12C6-4277-8B75-45FD54A2B227}.Release|Any CPU.ActiveCfg = Release|Any CPU
		{9B55E34D-12C6-4277-8B75-45FD54A2B227}.Release|Any CPU.Build.0 = Release|Any CPU
		{9B55E34D-12C6-4277-8B75-45FD54A2B227}.Release|Mixed Platforms.ActiveCfg = Release|Any CPU
		{9B55E34D-12C6-4277-8B75-45FD54A2B227}.Release|Mixed Platforms.Build.0 = Release|Any CPU
		{9B55E34D-12C6-4277-8B75-45FD54A2B227}.Release|x86.ActiveCfg = Release|Any CPU
		{3F4F5C6A-741E-4DFE-9E40-2AE25086C1E7}.Debug|.NET.ActiveCfg = Debug|Any CPU
		{3F4F5C6A-741E-4DFE-9E40-2AE25086C1E7}.Debug|Any CPU.ActiveCfg = Debug|Any CPU
		{3F4F5C6A-741E-4DFE-9E40-2AE25086C1E7}.Debug|Any CPU.Build.0 = Debug|Any CPU
		{3F4F5C6A-741E-4DFE-9E40-2AE25086C1E7}.Debug|Mixed Platforms.ActiveCfg = Debug|Any CPU
		{3F4F5C6A-741E-4DFE-9E40-2AE25086C1E7}.Debug|Mixed Platforms.Build.0 = Debug|Any CPU
		{3F4F5C6A-741E-4DFE-9E40-2AE25086C1E7}.Debug|x86.ActiveCfg = Debug|Any CPU
		{3F4F5C6A-741E-4DFE-9E40-2AE25086C1E7}.Development|.NET.ActiveCfg = Debug|Any CPU
		{3F4F5C6A-741E-4DFE-9E40-2AE25086C1E7}.Development|Any CPU.ActiveCfg = Debug|Any CPU
		{3F4F5C6A-741E-4DFE-9E40-2AE25086C1E7}.Development|Any CPU.Build.0 = Debug|Any CPU
		{3F4F5C6A-741E-4DFE-9E40-2AE25086C1E7}.Development|Mixed Platforms.ActiveCfg = Debug|Any CPU
		{3F4F5C6A-741E-4DFE-9E40-2AE25086C1E7}.Development|Mixed Platforms.Build.0 = Debug|Any CPU
		{3F4F5C6A-741E-4DFE-9E40-2AE25086C1E7}.Development|x86.ActiveCfg = Debug|Any CPU
		{3F4F5C6A-741E-4DFE-9E40-2AE25086C1E7}.Release|.NET.ActiveCfg = Release|Any CPU
		{3F4F5C6A-741E-4DFE-9E40-2AE25086C1E7}.Release|Any CPU.ActiveCfg = Release|Any CPU
		{3F4F5C6A-741E-4DFE-9E40-2AE25086C1E7}.Release|Any CPU.Build.0 = Release|Any CPU
		{3F4F5C6A-741E-4DFE-9E40-2AE25086C1E7}.Release|Mixed Platforms.ActiveCfg = Release|Any CPU
		{3F4F5C6A-741E-4DFE-9E40-2AE25086C1E7}.Release|Mixed Platforms.Build.0 = Release|Any CPU
		{3F4F5C6A-741E-4DFE-9E40-2AE25086C1E7}.Release|x86.ActiveCfg = Release|Any CPU
		{73AB3A8E-AD69-4EC8-B327-F604BC2AE1CB}.Debug|.NET.ActiveCfg = Debug|Any CPU
		{73AB3A8E-AD69-4EC8-B327-F604BC2AE1CB}.Debug|Any CPU.ActiveCfg = Debug|Any CPU
		{73AB3A8E-AD69-4EC8-B327-F604BC2AE1CB}.Debug|Any CPU.Build.0 = Debug|Any CPU
		{73AB3A8E-AD69-4EC8-B327-F604BC2AE1CB}.Debug|Mixed Platforms.ActiveCfg = Debug|Any CPU
		{73AB3A8E-AD69-4EC8-B327-F604BC2AE1CB}.Debug|Mixed Platforms.Build.0 = Debug|Any CPU
		{73AB3A8E-AD69-4EC8-B327-F604BC2AE1CB}.Debug|x86.ActiveCfg = Debug|Any CPU
		{73AB3A8E-AD69-4EC8-B327-F604BC2AE1CB}.Development|.NET.ActiveCfg = Debug|Any CPU
		{73AB3A8E-AD69-4EC8-B327-F604BC2AE1CB}.Development|Any CPU.ActiveCfg = Debug|Any CPU
		{73AB3A8E-AD69-4EC8-B327-F604BC2AE1CB}.Development|Any CPU.Build.0 = Debug|Any CPU
		{73AB3A8E-AD69-4EC8-B327-F604BC2AE1CB}.Development|Mixed Platforms.ActiveCfg = Debug|Any CPU
		{73AB3A8E-AD69-4EC8-B327-F604BC2AE1CB}.Development|Mixed Platforms.Build.0 = Debug|Any CPU
		{73AB3A8E-AD69-4EC8-B327-F604BC2AE1CB}.Development|x86.ActiveCfg = Debug|Any CPU
		{73AB3A8E-AD69-4EC8-B327-F604BC2AE1CB}.Release|.NET.ActiveCfg = Release|Any CPU
		{73AB3A8E-AD69-4EC8-B327-F604BC2AE1CB}.Release|Any CPU.ActiveCfg = Release|Any CPU
		{73AB3A8E-AD69-4EC8-B327-F604BC2AE1CB}.Release|Any CPU.Build.0 = Release|Any CPU
		{73AB3A8E-AD69-4EC8-B327-F604BC2AE1CB}.Release|Mixed Platforms.ActiveCfg = Release|Any CPU
		{73AB3A8E-AD69-4EC8-B327-F604BC2AE1CB}.Release|Mixed Platforms.Build.0 = Release|Any CPU
		{73AB3A8E-AD69-4EC8-B327-F604BC2AE1CB}.Release|x86.ActiveCfg = Release|Any CPU
		{8BBCC106-772A-49B1-B877-8E6250861A91}.Debug|.NET.ActiveCfg = Debug|Any CPU
		{8BBCC106-772A-49B1-B877-8E6250861A91}.Debug|Any CPU.ActiveCfg = Debug|Any CPU
		{8BBCC106-772A-49B1-B877-8E6250861A91}.Debug|Any CPU.Build.0 = Debug|Any CPU
		{8BBCC106-772A-49B1-B877-8E6250861A91}.Debug|Mixed Platforms.ActiveCfg = Debug|Any CPU
		{8BBCC106-772A-49B1-B877-8E6250861A91}.Debug|Mixed Platforms.Build.0 = Debug|Any CPU
		{8BBCC106-772A-49B1-B877-8E6250861A91}.Debug|x86.ActiveCfg = Debug|Any CPU
		{8BBCC106-772A-49B1-B877-8E6250861A91}.Development|.NET.ActiveCfg = Debug|Any CPU
		{8BBCC106-772A-49B1-B877-8E6250861A91}.Development|Any CPU.ActiveCfg = Debug|Any CPU
		{8BBCC106-772A-49B1-B877-8E6250861A91}.Development|Any CPU.Build.0 = Debug|Any CPU
		{8BBCC106-772A-49B1-B877-8E6250861A91}.Development|Mixed Platforms.ActiveCfg = Debug|Any CPU
		{8BBCC106-772A-49B1-B877-8E6250861A91}.Development|Mixed Platforms.Build.0 = Debug|Any CPU
		{8BBCC106-772A-49B1-B877-8E6250861A91}.Development|x86.ActiveCfg = Debug|Any CPU
		{8BBCC106-772A-49B1-B877-8E6250861A91}.Release|.NET.ActiveCfg = Release|Any CPU
		{8BBCC106-772A-49B1-B877-8E6250861A91}.Release|Any CPU.ActiveCfg = Release|Any CPU
		{8BBCC106-772A-49B1-B877-8E6250861A91}.Release|Any CPU.Build.0 = Release|Any CPU
		{8BBCC106-772A-49B1-B877-8E6250861A91}.Release|Mixed Platforms.ActiveCfg = Release|Any CPU
		{8BBCC106-772A-49B1-B877-8E6250861A91}.Release|Mixed Platforms.Build.0 = Release|Any CPU
		{8BBCC106-772A-49B1-B877-8E6250861A91}.Release|x86.ActiveCfg = Release|Any CPU
		{021D01CB-E0CF-4429-AC76-2CDA2F911D91}.Debug|.NET.ActiveCfg = Debug|x86
		{021D01CB-E0CF-4429-AC76-2CDA2F911D91}.Debug|Any CPU.ActiveCfg = Debug|Any CPU
		{021D01CB-E0CF-4429-AC76-2CDA2F911D91}.Debug|Any CPU.Build.0 = Debug|Any CPU
		{021D01CB-E0CF-4429-AC76-2CDA2F911D91}.Debug|Mixed Platforms.ActiveCfg = Debug|x86
		{021D01CB-E0CF-4429-AC76-2CDA2F911D91}.Debug|Mixed Platforms.Build.0 = Debug|x86
		{021D01CB-E0CF-4429-AC76-2CDA2F911D91}.Debug|x86.ActiveCfg = Debug|x86
		{021D01CB-E0CF-4429-AC76-2CDA2F911D91}.Debug|x86.Build.0 = Debug|x86
		{021D01CB-E0CF-4429-AC76-2CDA2F911D91}.Development|.NET.ActiveCfg = Debug|x86
		{021D01CB-E0CF-4429-AC76-2CDA2F911D91}.Development|Any CPU.ActiveCfg = Debug|x86
		{021D01CB-E0CF-4429-AC76-2CDA2F911D91}.Development|Mixed Platforms.ActiveCfg = Debug|x86
		{021D01CB-E0CF-4429-AC76-2CDA2F911D91}.Development|Mixed Platforms.Build.0 = Debug|x86
		{021D01CB-E0CF-4429-AC76-2CDA2F911D91}.Development|x86.ActiveCfg = Debug|x86
		{021D01CB-E0CF-4429-AC76-2CDA2F911D91}.Development|x86.Build.0 = Debug|x86
		{021D01CB-E0CF-4429-AC76-2CDA2F911D91}.Release|.NET.ActiveCfg = Release|x86
		{021D01CB-E0CF-4429-AC76-2CDA2F911D91}.Release|Any CPU.ActiveCfg = Release|Any CPU
		{021D01CB-E0CF-4429-AC76-2CDA2F911D91}.Release|Any CPU.Build.0 = Release|Any CPU
		{021D01CB-E0CF-4429-AC76-2CDA2F911D91}.Release|Mixed Platforms.ActiveCfg = Release|x86
		{021D01CB-E0CF-4429-AC76-2CDA2F911D91}.Release|Mixed Platforms.Build.0 = Release|x86
		{021D01CB-E0CF-4429-AC76-2CDA2F911D91}.Release|x86.ActiveCfg = Release|x86
		{021D01CB-E0CF-4429-AC76-2CDA2F911D91}.Release|x86.Build.0 = Release|x86
		{7925A672-F749-4675-9276-DF4DD33E334E}.Debug|.NET.ActiveCfg = Debug|x86
		{7925A672-F749-4675-9276-DF4DD33E334E}.Debug|Any CPU.ActiveCfg = Debug|Any CPU
		{7925A672-F749-4675-9276-DF4DD33E334E}.Debug|Any CPU.Build.0 = Debug|Any CPU
		{7925A672-F749-4675-9276-DF4DD33E334E}.Debug|Mixed Platforms.ActiveCfg = Debug|x86
		{7925A672-F749-4675-9276-DF4DD33E334E}.Debug|Mixed Platforms.Build.0 = Debug|x86
		{7925A672-F749-4675-9276-DF4DD33E334E}.Debug|x86.ActiveCfg = Debug|x86
		{7925A672-F749-4675-9276-DF4DD33E334E}.Debug|x86.Build.0 = Debug|x86
		{7925A672-F749-4675-9276-DF4DD33E334E}.Development|.NET.ActiveCfg = Debug|x86
		{7925A672-F749-4675-9276-DF4DD33E334E}.Development|Any CPU.ActiveCfg = Debug|x86
		{7925A672-F749-4675-9276-DF4DD33E334E}.Development|Mixed Platforms.ActiveCfg = Debug|x86
		{7925A672-F749-4675-9276-DF4DD33E334E}.Development|Mixed Platforms.Build.0 = Debug|x86
		{7925A672-F749-4675-9276-DF4DD33E334E}.Development|x86.ActiveCfg = Debug|x86
		{7925A672-F749-4675-9276-DF4DD33E334E}.Development|x86.Build.0 = Debug|x86
		{7925A672-F749-4675-9276-DF4DD33E334E}.Release|.NET.ActiveCfg = Release|x86
		{7925A672-F749-4675-9276-DF4DD33E334E}.Release|Any CPU.ActiveCfg = Release|Any CPU
		{7925A672-F749-4675-9276-DF4DD33E334E}.Release|Any CPU.Build.0 = Release|Any CPU
		{7925A672-F749-4675-9276-DF4DD33E334E}.Release|Mixed Platforms.ActiveCfg = Release|x86
		{7925A672-F749-4675-9276-DF4DD33E334E}.Release|Mixed Platforms.Build.0 = Release|x86
		{7925A672-F749-4675-9276-DF4DD33E334E}.Release|x86.ActiveCfg = Release|x86
		{7925A672-F749-4675-9276-DF4DD33E334E}.Release|x86.Build.0 = Release|x86
		{90E5AD0E-4BE7-43F7-BB0C-0BA171540886}.Debug|.NET.ActiveCfg = Debug|Any CPU
		{90E5AD0E-4BE7-43F7-BB0C-0BA171540886}.Debug|Any CPU.ActiveCfg = Debug|Any CPU
		{90E5AD0E-4BE7-43F7-BB0C-0BA171540886}.Debug|Any CPU.Build.0 = Debug|Any CPU
		{90E5AD0E-4BE7-43F7-BB0C-0BA171540886}.Debug|Mixed Platforms.ActiveCfg = Debug|Any CPU
		{90E5AD0E-4BE7-43F7-BB0C-0BA171540886}.Debug|Mixed Platforms.Build.0 = Debug|Any CPU
		{90E5AD0E-4BE7-43F7-BB0C-0BA171540886}.Debug|x86.ActiveCfg = Debug|Any CPU
		{90E5AD0E-4BE7-43F7-BB0C-0BA171540886}.Development|.NET.ActiveCfg = Debug|Any CPU
		{90E5AD0E-4BE7-43F7-BB0C-0BA171540886}.Development|Any CPU.ActiveCfg = Debug|Any CPU
		{90E5AD0E-4BE7-43F7-BB0C-0BA171540886}.Development|Any CPU.Build.0 = Debug|Any CPU
		{90E5AD0E-4BE7-43F7-BB0C-0BA171540886}.Development|Mixed Platforms.ActiveCfg = Debug|Any CPU
		{90E5AD0E-4BE7-43F7-BB0C-0BA171540886}.Development|Mixed Platforms.Build.0 = Debug|Any CPU
		{90E5AD0E-4BE7-43F7-BB0C-0BA171540886}.Development|x86.ActiveCfg = Debug|Any CPU
		{90E5AD0E-4BE7-43F7-BB0C-0BA171540886}.Release|.NET.ActiveCfg = Release|Any CPU
		{90E5AD0E-4BE7-43F7-BB0C-0BA171540886}.Release|Any CPU.ActiveCfg = Release|Any CPU
		{90E5AD0E-4BE7-43F7-BB0C-0BA171540886}.Release|Any CPU.Build.0 = Release|Any CPU
		{90E5AD0E-4BE7-43F7-BB0C-0BA171540886}.Release|Mixed Platforms.ActiveCfg = Release|Any CPU
		{90E5AD0E-4BE7-43F7-BB0C-0BA171540886}.Release|Mixed Platforms.Build.0 = Release|Any CPU
		{90E5AD0E-4BE7-43F7-BB0C-0BA171540886}.Release|x86.ActiveCfg = Release|Any CPU
		{CD09DDE1-7559-4536-A443-C7C337911318}.Debug|.NET.ActiveCfg = Debug|Any CPU
		{CD09DDE1-7559-4536-A443-C7C337911318}.Debug|Any CPU.ActiveCfg = Debug|Any CPU
		{CD09DDE1-7559-4536-A443-C7C337911318}.Debug|Any CPU.Build.0 = Debug|Any CPU
		{CD09DDE1-7559-4536-A443-C7C337911318}.Debug|Mixed Platforms.ActiveCfg = Debug|Any CPU
		{CD09DDE1-7559-4536-A443-C7C337911318}.Debug|Mixed Platforms.Build.0 = Debug|Any CPU
		{CD09DDE1-7559-4536-A443-C7C337911318}.Debug|x86.ActiveCfg = Debug|Any CPU
		{CD09DDE1-7559-4536-A443-C7C337911318}.Development|.NET.ActiveCfg = Debug|Any CPU
		{CD09DDE1-7559-4536-A443-C7C337911318}.Development|Any CPU.ActiveCfg = Debug|Any CPU
		{CD09DDE1-7559-4536-A443-C7C337911318}.Development|Any CPU.Build.0 = Debug|Any CPU
		{CD09DDE1-7559-4536-A443-C7C337911318}.Development|Mixed Platforms.ActiveCfg = Debug|Any CPU
		{CD09DDE1-7559-4536-A443-C7C337911318}.Development|Mixed Platforms.Build.0 = Debug|Any CPU
		{CD09DDE1-7559-4536-A443-C7C337911318}.Development|x86.ActiveCfg = Debug|Any CPU
		{CD09DDE1-7559-4536-A443-C7C337911318}.Release|.NET.ActiveCfg = Release|Any CPU
		{CD09DDE1-7559-4536-A443-C7C337911318}.Release|Any CPU.ActiveCfg = Release|Any CPU
		{CD09DDE1-7559-4536-A443-C7C337911318}.Release|Any CPU.Build.0 = Release|Any CPU
		{CD09DDE1-7559-4536-A443-C7C337911318}.Release|Mixed Platforms.ActiveCfg = Release|Any CPU
		{CD09DDE1-7559-4536-A443-C7C337911318}.Release|Mixed Platforms.Build.0 = Release|Any CPU
		{CD09DDE1-7559-4536-A443-C7C337911318}.Release|x86.ActiveCfg = Release|Any CPU
		{A96C1929-4465-4C6E-8E4A-1B7F87409277}.Debug|.NET.ActiveCfg = Debug|x86
		{A96C1929-4465-4C6E-8E4A-1B7F87409277}.Debug|Any CPU.ActiveCfg = Debug|Any CPU
		{A96C1929-4465-4C6E-8E4A-1B7F87409277}.Debug|Any CPU.Build.0 = Debug|Any CPU
		{A96C1929-4465-4C6E-8E4A-1B7F87409277}.Debug|Mixed Platforms.ActiveCfg = Debug|x86
		{A96C1929-4465-4C6E-8E4A-1B7F87409277}.Debug|Mixed Platforms.Build.0 = Debug|x86
		{A96C1929-4465-4C6E-8E4A-1B7F87409277}.Debug|x86.ActiveCfg = Debug|x86
		{A96C1929-4465-4C6E-8E4A-1B7F87409277}.Debug|x86.Build.0 = Debug|x86
		{A96C1929-4465-4C6E-8E4A-1B7F87409277}.Development|.NET.ActiveCfg = Debug|x86
		{A96C1929-4465-4C6E-8E4A-1B7F87409277}.Development|Any CPU.ActiveCfg = Debug|x86
		{A96C1929-4465-4C6E-8E4A-1B7F87409277}.Development|Mixed Platforms.ActiveCfg = Debug|x86
		{A96C1929-4465-4C6E-8E4A-1B7F87409277}.Development|Mixed Platforms.Build.0 = Debug|x86
		{A96C1929-4465-4C6E-8E4A-1B7F87409277}.Development|x86.ActiveCfg = Debug|x86
		{A96C1929-4465-4C6E-8E4A-1B7F87409277}.Development|x86.Build.0 = Debug|x86
		{A96C1929-4465-4C6E-8E4A-1B7F87409277}.Release|.NET.ActiveCfg = Release|x86
		{A96C1929-4465-4C6E-8E4A-1B7F87409277}.Release|Any CPU.ActiveCfg = Release|Any CPU
		{A96C1929-4465-4C6E-8E4A-1B7F87409277}.Release|Any CPU.Build.0 = Release|Any CPU
		{A96C1929-4465-4C6E-8E4A-1B7F87409277}.Release|Mixed Platforms.ActiveCfg = Release|x86
		{A96C1929-4465-4C6E-8E4A-1B7F87409277}.Release|Mixed Platforms.Build.0 = Release|x86
		{A96C1929-4465-4C6E-8E4A-1B7F87409277}.Release|x86.ActiveCfg = Release|x86
		{A96C1929-4465-4C6E-8E4A-1B7F87409277}.Release|x86.Build.0 = Release|x86
		{565C60D2-9B3B-4202-AF1D-6D6B6A5878A3}.Debug|.NET.ActiveCfg = Debug|x86
		{565C60D2-9B3B-4202-AF1D-6D6B6A5878A3}.Debug|Any CPU.ActiveCfg = Debug|Any CPU
		{565C60D2-9B3B-4202-AF1D-6D6B6A5878A3}.Debug|Any CPU.Build.0 = Debug|Any CPU
		{565C60D2-9B3B-4202-AF1D-6D6B6A5878A3}.Debug|Mixed Platforms.ActiveCfg = Debug|x86
		{565C60D2-9B3B-4202-AF1D-6D6B6A5878A3}.Debug|Mixed Platforms.Build.0 = Debug|x86
		{565C60D2-9B3B-4202-AF1D-6D6B6A5878A3}.Debug|x86.ActiveCfg = Debug|x86
		{565C60D2-9B3B-4202-AF1D-6D6B6A5878A3}.Debug|x86.Build.0 = Debug|x86
		{565C60D2-9B3B-4202-AF1D-6D6B6A5878A3}.Development|.NET.ActiveCfg = Debug|x86
		{565C60D2-9B3B-4202-AF1D-6D6B6A5878A3}.Development|Any CPU.ActiveCfg = Debug|x86
		{565C60D2-9B3B-4202-AF1D-6D6B6A5878A3}.Development|Mixed Platforms.ActiveCfg = Debug|x86
		{565C60D2-9B3B-4202-AF1D-6D6B6A5878A3}.Development|Mixed Platforms.Build.0 = Debug|x86
		{565C60D2-9B3B-4202-AF1D-6D6B6A5878A3}.Development|x86.ActiveCfg = Debug|x86
		{565C60D2-9B3B-4202-AF1D-6D6B6A5878A3}.Development|x86.Build.0 = Debug|x86
		{565C60D2-9B3B-4202-AF1D-6D6B6A5878A3}.Release|.NET.ActiveCfg = Release|x86
		{565C60D2-9B3B-4202-AF1D-6D6B6A5878A3}.Release|Any CPU.ActiveCfg = Release|Any CPU
		{565C60D2-9B3B-4202-AF1D-6D6B6A5878A3}.Release|Any CPU.Build.0 = Release|Any CPU
		{565C60D2-9B3B-4202-AF1D-6D6B6A5878A3}.Release|Mixed Platforms.ActiveCfg = Release|x86
		{565C60D2-9B3B-4202-AF1D-6D6B6A5878A3}.Release|Mixed Platforms.Build.0 = Release|x86
		{565C60D2-9B3B-4202-AF1D-6D6B6A5878A3}.Release|x86.ActiveCfg = Release|x86
		{565C60D2-9B3B-4202-AF1D-6D6B6A5878A3}.Release|x86.Build.0 = Release|x86
		{DC3D7299-DF7A-48E6-8188-DE3535B41E24}.Debug|.NET.ActiveCfg = Debug|Any CPU
		{DC3D7299-DF7A-48E6-8188-DE3535B41E24}.Debug|Any CPU.ActiveCfg = Debug|Any CPU
		{DC3D7299-DF7A-48E6-8188-DE3535B41E24}.Debug|Any CPU.Build.0 = Debug|Any CPU
		{DC3D7299-DF7A-48E6-8188-DE3535B41E24}.Debug|Mixed Platforms.ActiveCfg = Debug|Any CPU
		{DC3D7299-DF7A-48E6-8188-DE3535B41E24}.Debug|Mixed Platforms.Build.0 = Debug|Any CPU
		{DC3D7299-DF7A-48E6-8188-DE3535B41E24}.Debug|x86.ActiveCfg = Debug|Any CPU
		{DC3D7299-DF7A-48E6-8188-DE3535B41E24}.Development|.NET.ActiveCfg = Debug|Any CPU
		{DC3D7299-DF7A-48E6-8188-DE3535B41E24}.Development|Any CPU.ActiveCfg = Debug|Any CPU
		{DC3D7299-DF7A-48E6-8188-DE3535B41E24}.Development|Any CPU.Build.0 = Debug|Any CPU
		{DC3D7299-DF7A-48E6-8188-DE3535B41E24}.Development|Mixed Platforms.ActiveCfg = Debug|Any CPU
		{DC3D7299-DF7A-48E6-8188-DE3535B41E24}.Development|Mixed Platforms.Build.0 = Debug|Any CPU
		{DC3D7299-DF7A-48E6-8188-DE3535B41E24}.Development|x86.ActiveCfg = Debug|Any CPU
		{DC3D7299-DF7A-48E6-8188-DE3535B41E24}.Release|.NET.ActiveCfg = Release|Any CPU
		{DC3D7299-DF7A-48E6-8188-DE3535B41E24}.Release|Any CPU.ActiveCfg = Release|Any CPU
		{DC3D7299-DF7A-48E6-8188-DE3535B41E24}.Release|Any CPU.Build.0 = Release|Any CPU
		{DC3D7299-DF7A-48E6-8188-DE3535B41E24}.Release|Mixed Platforms.ActiveCfg = Release|Any CPU
		{DC3D7299-DF7A-48E6-8188-DE3535B41E24}.Release|Mixed Platforms.Build.0 = Release|Any CPU
		{DC3D7299-DF7A-48E6-8188-DE3535B41E24}.Release|x86.ActiveCfg = Release|Any CPU
		{1F26116B-5218-4CD5-B0DE-D90FD50B276A}.Debug|.NET.ActiveCfg = Debug|Any CPU
		{1F26116B-5218-4CD5-B0DE-D90FD50B276A}.Debug|Any CPU.ActiveCfg = Debug|Any CPU
		{1F26116B-5218-4CD5-B0DE-D90FD50B276A}.Debug|Any CPU.Build.0 = Debug|Any CPU
		{1F26116B-5218-4CD5-B0DE-D90FD50B276A}.Debug|Mixed Platforms.ActiveCfg = Debug|Any CPU
		{1F26116B-5218-4CD5-B0DE-D90FD50B276A}.Debug|Mixed Platforms.Build.0 = Debug|Any CPU
		{1F26116B-5218-4CD5-B0DE-D90FD50B276A}.Debug|x86.ActiveCfg = Debug|Any CPU
		{1F26116B-5218-4CD5-B0DE-D90FD50B276A}.Development|.NET.ActiveCfg = Debug|Any CPU
		{1F26116B-5218-4CD5-B0DE-D90FD50B276A}.Development|Any CPU.ActiveCfg = Debug|Any CPU
		{1F26116B-5218-4CD5-B0DE-D90FD50B276A}.Development|Any CPU.Build.0 = Debug|Any CPU
		{1F26116B-5218-4CD5-B0DE-D90FD50B276A}.Development|Mixed Platforms.ActiveCfg = Debug|Any CPU
		{1F26116B-5218-4CD5-B0DE-D90FD50B276A}.Development|Mixed Platforms.Build.0 = Debug|Any CPU
		{1F26116B-5218-4CD5-B0DE-D90FD50B276A}.Development|x86.ActiveCfg = Debug|Any CPU
		{1F26116B-5218-4CD5-B0DE-D90FD50B276A}.Release|.NET.ActiveCfg = Release|Any CPU
		{1F26116B-5218-4CD5-B0DE-D90FD50B276A}.Release|Any CPU.ActiveCfg = Release|Any CPU
		{1F26116B-5218-4CD5-B0DE-D90FD50B276A}.Release|Any CPU.Build.0 = Release|Any CPU
		{1F26116B-5218-4CD5-B0DE-D90FD50B276A}.Release|Mixed Platforms.ActiveCfg = Release|Any CPU
		{1F26116B-5218-4CD5-B0DE-D90FD50B276A}.Release|Mixed Platforms.Build.0 = Release|Any CPU
		{1F26116B-5218-4CD5-B0DE-D90FD50B276A}.Release|x86.ActiveCfg = Release|Any CPU
		{6FA797D9-8B19-4ACF-A174-B63C27D223CF}.Debug|.NET.ActiveCfg = Debug|Any CPU
		{6FA797D9-8B19-4ACF-A174-B63C27D223CF}.Debug|Any CPU.ActiveCfg = Debug|Any CPU
		{6FA797D9-8B19-4ACF-A174-B63C27D223CF}.Debug|Any CPU.Build.0 = Debug|Any CPU
		{6FA797D9-8B19-4ACF-A174-B63C27D223CF}.Debug|Mixed Platforms.ActiveCfg = Debug|Any CPU
		{6FA797D9-8B19-4ACF-A174-B63C27D223CF}.Debug|Mixed Platforms.Build.0 = Debug|Any CPU
		{6FA797D9-8B19-4ACF-A174-B63C27D223CF}.Debug|x86.ActiveCfg = Debug|Any CPU
		{6FA797D9-8B19-4ACF-A174-B63C27D223CF}.Development|.NET.ActiveCfg = Debug|Any CPU
		{6FA797D9-8B19-4ACF-A174-B63C27D223CF}.Development|Any CPU.ActiveCfg = Debug|Any CPU
		{6FA797D9-8B19-4ACF-A174-B63C27D223CF}.Development|Any CPU.Build.0 = Debug|Any CPU
		{6FA797D9-8B19-4ACF-A174-B63C27D223CF}.Development|Mixed Platforms.ActiveCfg = Debug|Any CPU
		{6FA797D9-8B19-4ACF-A174-B63C27D223CF}.Development|Mixed Platforms.Build.0 = Debug|Any CPU
		{6FA797D9-8B19-4ACF-A174-B63C27D223CF}.Development|x86.ActiveCfg = Debug|Any CPU
		{6FA797D9-8B19-4ACF-A174-B63C27D223CF}.Release|.NET.ActiveCfg = Release|Any CPU
		{6FA797D9-8B19-4ACF-A174-B63C27D223CF}.Release|Any CPU.ActiveCfg = Release|Any CPU
		{6FA797D9-8B19-4ACF-A174-B63C27D223CF}.Release|Any CPU.Build.0 = Release|Any CPU
		{6FA797D9-8B19-4ACF-A174-B63C27D223CF}.Release|Mixed Platforms.ActiveCfg = Release|Any CPU
		{6FA797D9-8B19-4ACF-A174-B63C27D223CF}.Release|Mixed Platforms.Build.0 = Release|Any CPU
		{6FA797D9-8B19-4ACF-A174-B63C27D223CF}.Release|x86.ActiveCfg = Release|Any CPU
		{CC904AD5-740D-4723-A30B-6F56F02E9E96}.Debug|.NET.ActiveCfg = Debug|Any CPU
		{CC904AD5-740D-4723-A30B-6F56F02E9E96}.Debug|Any CPU.ActiveCfg = Debug|Any CPU
		{CC904AD5-740D-4723-A30B-6F56F02E9E96}.Debug|Any CPU.Build.0 = Debug|Any CPU
		{CC904AD5-740D-4723-A30B-6F56F02E9E96}.Debug|Mixed Platforms.ActiveCfg = Debug|Any CPU
		{CC904AD5-740D-4723-A30B-6F56F02E9E96}.Debug|Mixed Platforms.Build.0 = Debug|Any CPU
		{CC904AD5-740D-4723-A30B-6F56F02E9E96}.Debug|x86.ActiveCfg = Debug|Any CPU
		{CC904AD5-740D-4723-A30B-6F56F02E9E96}.Development|.NET.ActiveCfg = Debug|Any CPU
		{CC904AD5-740D-4723-A30B-6F56F02E9E96}.Development|Any CPU.ActiveCfg = Debug|Any CPU
		{CC904AD5-740D-4723-A30B-6F56F02E9E96}.Development|Any CPU.Build.0 = Debug|Any CPU
		{CC904AD5-740D-4723-A30B-6F56F02E9E96}.Development|Mixed Platforms.ActiveCfg = Debug|Any CPU
		{CC904AD5-740D-4723-A30B-6F56F02E9E96}.Development|Mixed Platforms.Build.0 = Debug|Any CPU
		{CC904AD5-740D-4723-A30B-6F56F02E9E96}.Development|x86.ActiveCfg = Debug|Any CPU
		{CC904AD5-740D-4723-A30B-6F56F02E9E96}.Release|.NET.ActiveCfg = Release|Any CPU
		{CC904AD5-740D-4723-A30B-6F56F02E9E96}.Release|Any CPU.ActiveCfg = Release|Any CPU
		{CC904AD5-740D-4723-A30B-6F56F02E9E96}.Release|Any CPU.Build.0 = Release|Any CPU
		{CC904AD5-740D-4723-A30B-6F56F02E9E96}.Release|Mixed Platforms.ActiveCfg = Release|Any CPU
		{CC904AD5-740D-4723-A30B-6F56F02E9E96}.Release|Mixed Platforms.Build.0 = Release|Any CPU
		{CC904AD5-740D-4723-A30B-6F56F02E9E96}.Release|x86.ActiveCfg = Release|Any CPU
	EndGlobalSection
	GlobalSection(SolutionProperties) = preSolution
		HideSolutionNode = FALSE
	EndGlobalSection
	GlobalSection(ExtensibilityGlobals) = postSolution
		RootNamespace = TributesPortal
		IsWCSFSolution = True
	EndGlobalSection
	GlobalSection(TeamFoundationVersionControl) = preSolution
		SccNumberOfProjects = 30
		SccEnterpriseProvider = {4CA58AB2-18FA-4F8D-95D4-32DDF27D184C}
		SccTeamFoundationServer = http://teamfoundation:8080/
		SccLocalPath0 = .
		SccProjectUniqueName1 = Modules\\Shell\\Shell.csproj
		SccProjectTopLevelParentUniqueName1 = TributesPortal.sln
		SccProjectName1 = Modules/Shell
		SccLocalPath1 = Modules\\Shell
		SccProjectUniqueName2 = PortalController\\PortalController.csproj
		SccProjectTopLevelParentUniqueName2 = TributesPortal.sln
		SccProjectName2 = PortalController
		SccLocalPath2 = PortalController
		SccProjectUniqueName3 = BusinessEntities\\BusinessEntities.csproj
		SccProjectTopLevelParentUniqueName3 = TributesPortal.sln
		SccProjectName3 = BusinessEntities
		SccLocalPath3 = BusinessEntities
		SccProjectUniqueName4 = BusinessLogic\\BusinessLogic.csproj
		SccProjectTopLevelParentUniqueName4 = TributesPortal.sln
		SccProjectName4 = BusinessLogic
		SccLocalPath4 = BusinessLogic
		SccProjectUniqueName5 = ResourceAccess\\ResourceAccess.csproj
		SccProjectTopLevelParentUniqueName5 = TributesPortal.sln
		SccProjectName5 = ResourceAccess
		SccLocalPath5 = ResourceAccess
		SccProjectUniqueName6 = PortalUtilities\\PortalUtilities.csproj
		SccProjectTopLevelParentUniqueName6 = TributesPortal.sln
		SccProjectName6 = PortalUtilities
		SccLocalPath6 = PortalUtilities
		SccProjectUniqueName7 = MultipleLangSupport\\MultipleLangSupport.csproj
		SccProjectTopLevelParentUniqueName7 = TributesPortal.sln
		SccProjectName7 = MultipleLangSupport
		SccLocalPath7 = MultipleLangSupport
		SccProjectUniqueName8 = Users\\Users.csproj
		SccProjectTopLevelParentUniqueName8 = TributesPortal.sln
		SccProjectName8 = Users
		SccLocalPath8 = Users
		SccProjectUniqueName9 = GuestBook\\GuestBook.csproj
		SccProjectTopLevelParentUniqueName9 = TributesPortal.sln
		SccProjectName9 = GuestBook
		SccLocalPath9 = GuestBook
		SccProjectUniqueName10 = Tribute\\Tribute.csproj
		SccProjectTopLevelParentUniqueName10 = TributesPortal.sln
		SccProjectName10 = Tribute
		SccLocalPath10 = Tribute
		SccProjectUniqueName11 = Video\\Video.csproj
		SccProjectTopLevelParentUniqueName11 = TributesPortal.sln
		SccProjectName11 = Video
		SccLocalPath11 = Video
		SccProjectUniqueName12 = MessagingSystem\\MessagingSystem.csproj
		SccProjectTopLevelParentUniqueName12 = TributesPortal.sln
		SccProjectName12 = MessagingSystem
		SccLocalPath12 = MessagingSystem
		SccProjectUniqueName13 = Miscellaneous\\Miscellaneous.csproj
		SccProjectTopLevelParentUniqueName13 = TributesPortal.sln
		SccProjectName13 = Miscellaneous
		SccLocalPath13 = Miscellaneous
		SccProjectUniqueName14 = Story\\Story.csproj
		SccProjectTopLevelParentUniqueName14 = TributesPortal.sln
		SccProjectName14 = Story
		SccLocalPath14 = Story
		SccProjectUniqueName15 = Notes\\Notes.csproj
		SccProjectTopLevelParentUniqueName15 = TributesPortal.sln
		SccProjectName15 = Notes
		SccLocalPath15 = Notes
		SccProjectUniqueName16 = RewriteModule\\RewriteModule.csproj
		SccProjectTopLevelParentUniqueName16 = TributesPortal.sln
		SccProjectName16 = RewriteModule
		SccLocalPath16 = RewriteModule
		SccProjectUniqueName17 = Gift\\Gift.csproj
		SccProjectTopLevelParentUniqueName17 = TributesPortal.sln
		SccProjectName17 = Gift
		SccLocalPath17 = Gift
		SccProjectUniqueName18 = Event\\Event.csproj
		SccProjectTopLevelParentUniqueName18 = TributesPortal.sln
		SccProjectName18 = Event
		SccLocalPath18 = Event
		SccProjectUniqueName19 = MyHome\\MyHome.csproj
		SccProjectTopLevelParentUniqueName19 = TributesPortal.sln
		SccProjectName19 = MyHome
		SccLocalPath19 = MyHome
		SccProjectUniqueName20 = TributePortalAdmin\\TributePortalAdmin.csproj
		SccProjectTopLevelParentUniqueName20 = TributesPortal.sln
		SccProjectName20 = TributePortalAdmin
		SccLocalPath20 = TributePortalAdmin
		SccProjectUniqueName21 = TributePortalSecurity\\TributePortalSecurity.csproj
		SccProjectTopLevelParentUniqueName21 = TributesPortal.sln
		SccProjectName21 = TributePortalSecurity
		SccLocalPath21 = TributePortalSecurity
		SccProjectUniqueName22 = ActionlessForm\\ActionlessForm.csproj
		SccProjectTopLevelParentUniqueName22 = TributesPortal.sln
		SccProjectName22 = ActionlessForm
		SccLocalPath22 = ActionlessForm
		SccProjectUniqueName23 = Photo\\Photo.csproj
		SccProjectTopLevelParentUniqueName23 = TributesPortal.sln
		SccProjectName23 = Photo
		SccLocalPath23 = Photo
		SccWebProject24 = true
		SccProjectUniqueName24 = WebSites\\DevelopmentWebsite
		SccProjectTopLevelParentUniqueName24 = TributesPortal.sln
		SccProjectName24 = WebSites/DevelopmentWebsite
		SccLocalPath24 = WebSites\\DevelopmentWebsite
		SccProjectEnlistmentChoice24 = 2
		SccProjectUniqueName25 = TributesPortalSetup\\TributesPortalSetup.vdproj
		SccProjectTopLevelParentUniqueName25 = TributesPortal.sln
		SccProjectName25 = TributesPortalSetup
		SccLocalPath25 = TributesPortalSetup
		SccProjectUniqueName26 = SchedulerService\\TributePortalSchedulerService\\TributePortalSchedulerService.csproj
		SccProjectTopLevelParentUniqueName26 = TributesPortal.sln
		SccProjectName26 = SchedulerService/TributePortalSchedulerService
		SccLocalPath26 = SchedulerService\\TributePortalSchedulerService
		SccProjectUniqueName27 = SchedulerService\\TributeServiceSetup\\TributeServiceSetup.vdproj
		SccProjectTopLevelParentUniqueName27 = TributesPortal.sln
		SccProjectName27 = SchedulerService/TributeServiceSetup
		SccLocalPath27 = SchedulerService\\TributeServiceSetup
		SccProjectUniqueName28 = ContactImporter\\ContactImporter.Net_All\\ContactImporter.csproj
		SccProjectTopLevelParentUniqueName28 = TributesPortal.sln
		SccProjectName28 = ContactImporter/ContactImporter.Net_All
		SccLocalPath28 = ContactImporter\\ContactImporter.Net_All
		SccProjectUniqueName29 = Coupons\\Coupons.csproj
		SccProjectTopLevelParentUniqueName29 = TributesPortal.sln
		SccProjectName29 = Coupons
		SccLocalPath29 = Coupons
	EndGlobalSection
EndGlobal
