
Microsoft Visual Studio Solution File, Format Version 9.00
# Visual Studio 2005
Project("{FAE04EC0-301F-11D3-BF4B-00C04F79EFBC}") = "TributeService", "TributeService.csproj", "{4080495A-A3D8-416B-90B5-5354B7FC7880}"
	ProjectSection(WebsiteProperties) = preProject
		Debug.AspNetCompiler.Debug = "True"
		Release.AspNetCompiler.Debug = "False"
		VWDPort = "6031"
	EndProjectSection
EndProject
Global
	GlobalSection(TeamFoundationVersionControl) = preSolution
		SccNumberOfProjects = 2
		SccEnterpriseProvider = {4CA58AB2-18FA-4F8D-95D4-32DDF27D184C}
		SccTeamFoundationServer = http://teamfoundation:8080/
		SccLocalPath0 = .
		SccProjectUniqueName1 = TributeService.csproj
		SccLocalPath1 = .
	EndGlobalSection
	GlobalSection(SolutionConfigurationPlatforms) = preSolution
		Debug|Any CPU = Debug|Any CPU
		Release|Any CPU = Release|Any CPU
	EndGlobalSection
	GlobalSection(ProjectConfigurationPlatforms) = postSolution
		{4080495A-A3D8-416B-90B5-5354B7FC7880}.Debug|Any CPU.ActiveCfg = Debug|Any CPU
		{4080495A-A3D8-416B-90B5-5354B7FC7880}.Debug|Any CPU.Build.0 = Debug|Any CPU
		{4080495A-A3D8-416B-90B5-5354B7FC7880}.Release|Any CPU.ActiveCfg = Release|Any CPU
		{4080495A-A3D8-416B-90B5-5354B7FC7880}.Release|Any CPU.Build.0 = Release|Any CPU
	EndGlobalSection
	GlobalSection(SolutionProperties) = preSolution
		HideSolutionNode = FALSE
	EndGlobalSection
EndGlobal
